
Microsoft Visual Studio Solution File, Format Version 12.00
# Visual Studio Version 17
VisualStudioVersion = 17.5.33502.453
MinimumVisualStudioVersion = 10.0.40219.1
Project("{FAE04EC0-301F-11D3-BF4B-00C04F79EFBC}") = "MVCStateManagement_1", "MVCStateManagement_1\MVCStateManagement_1.csproj", "{DB547DAC-0AB4-451E-A68A-015C5E1D4E54}"
EndProject
Global
	GlobalSection(SolutionConfigurationPlatforms) = preSolution
		Debug|Any CPU = Debug|Any CPU
		Release|Any CPU = Release|Any CPU
	EndGlobalSection
	GlobalSection(ProjectConfigurationPlatforms) = postSolution
		{DB547DAC-0AB4-451E-A68A-015C5E1D4E54}.Debug|Any CPU.ActiveCfg = Debug|Any CPU
		{DB547DAC-0AB4-451E-A68A-015C5E1D4E54}.Debug|Any CPU.Build.0 = Debug|Any CPU
		{DB547DAC-0AB4-451E-A68A-015C5E1D4E54}.Release|Any CPU.ActiveCfg = Release|Any CPU
		{DB547DAC-0AB4-451E-A68A-015C5E1D4E54}.Release|Any CPU.Build.0 = Release|Any CPU
	EndGlobalSection
	GlobalSection(SolutionProperties) = preSolution
		HideSolutionNode = FALSE
	EndGlobalSection
	GlobalSection(ExtensibilityGlobals) = postSolution
		SolutionGuid = {182CC4BF-016B-44A4-AD29-23C21D66831D}
	EndGlobalSection
EndGlobal
